
Microsoft Visual Studio Solution File, Format Version 12.00
# Visual Studio Version 17
VisualStudioVersion = 17.9.34728.123
MinimumVisualStudioVersion = 10.0.40219.1
Project("{FAE04EC0-301F-11D3-BF4B-00C04F79EFBC}") = "IsinOlsunScraper", "IsinOlsunScraper.csproj", "{892F74B8-3227-4943-9029-B4A909F418D1}"
EndProject
Global
	GlobalSection(SolutionConfigurationPlatforms) = preSolution
		Debug|Any CPU = Debug|Any CPU
		Release|Any CPU = Release|Any CPU
	EndGlobalSection
	GlobalSection(ProjectConfigurationPlatforms) = postSolution
		{892F74B8-3227-4943-9029-B4A909F418D1}.Debug|Any CPU.ActiveCfg = Debug|Any CPU
		{892F74B8-3227-4943-9029-B4A909F418D1}.Debug|Any CPU.Build.0 = Debug|Any CPU
		{892F74B8-3227-4943-9029-B4A909F418D1}.Release|Any CPU.ActiveCfg = Release|Any CPU
		{892F74B8-3227-4943-9029-B4A909F418D1}.Release|Any CPU.Build.0 = Release|Any CPU
	EndGlobalSection
	GlobalSection(SolutionProperties) = preSolution
		HideSolutionNode = FALSE
	EndGlobalSection
	GlobalSection(ExtensibilityGlobals) = postSolution
		SolutionGuid = {4E812B5A-EDCB-4D91-BD80-31730086FC58}
	EndGlobalSection
EndGlobal
